
Microsoft Visual Studio Solution File, Format Version 12.00
# Visual Studio Version 16
VisualStudioVersion = 16.0.30406.217
MinimumVisualStudioVersion = 10.0.40219.1
Project("{FAE04EC0-301F-11D3-BF4B-00C04F79EFBC}") = "StackSample1", "StackSample1\StackSample1.csproj", "{7E9B5E99-C111-4730-BEC8-81AC42CB2B79}"
EndProject
Global
	GlobalSection(SolutionConfigurationPlatforms) = preSolution
		Debug|Any CPU = Debug|Any CPU
		Release|Any CPU = Release|Any CPU
	EndGlobalSection
	GlobalSection(ProjectConfigurationPlatforms) = postSolution
		{7E9B5E99-C111-4730-BEC8-81AC42CB2B79}.Debug|Any CPU.ActiveCfg = Debug|Any CPU
		{7E9B5E99-C111-4730-BEC8-81AC42CB2B79}.Debug|Any CPU.Build.0 = Debug|Any CPU
		{7E9B5E99-C111-4730-BEC8-81AC42CB2B79}.Release|Any CPU.ActiveCfg = Release|Any CPU
		{7E9B5E99-C111-4730-BEC8-81AC42CB2B79}.Release|Any CPU.Build.0 = Release|Any CPU
	EndGlobalSection
	GlobalSection(SolutionProperties) = preSolution
		HideSolutionNode = FALSE
	EndGlobalSection
	GlobalSection(ExtensibilityGlobals) = postSolution
		SolutionGuid = {29EDF97A-B11D-4CC1-AC6E-201D72089FA0}
	EndGlobalSection
EndGlobal
